
Microsoft Visual Studio Solution File, Format Version 12.00
# Visual Studio Version 17
VisualStudioVersion = 17.4.33213.308
MinimumVisualStudioVersion = 10.0.40219.1
Project("{FAE04EC0-301F-11D3-BF4B-00C04F79EFBC}") = "Encapsulation", "Encapsulation\Encapsulation.csproj", "{8889FA04-1864-49B3-8F52-71F59678E147}"
EndProject
Global
	GlobalSection(SolutionConfigurationPlatforms) = preSolution
		Debug|Any CPU = Debug|Any CPU
		Release|Any CPU = Release|Any CPU
	EndGlobalSection
	GlobalSection(ProjectConfigurationPlatforms) = postSolution
		{8889FA04-1864-49B3-8F52-71F59678E147}.Debug|Any CPU.ActiveCfg = Debug|Any CPU
		{8889FA04-1864-49B3-8F52-71F59678E147}.Debug|Any CPU.Build.0 = Debug|Any CPU
		{8889FA04-1864-49B3-8F52-71F59678E147}.Release|Any CPU.ActiveCfg = Release|Any CPU
		{8889FA04-1864-49B3-8F52-71F59678E147}.Release|Any CPU.Build.0 = Release|Any CPU
	EndGlobalSection
	GlobalSection(SolutionProperties) = preSolution
		HideSolutionNode = FALSE
	EndGlobalSection
	GlobalSection(ExtensibilityGlobals) = postSolution
		SolutionGuid = {A783EE01-556A-48E3-8E9B-487BDC0CCA58}
	EndGlobalSection
EndGlobal
